
Microsoft Visual Studio Solution File, Format Version 12.00
# Visual Studio Version 17
VisualStudioVersion = 17.4.33213.308
MinimumVisualStudioVersion = 10.0.40219.1
Project("{9A19103F-16F7-4668-BE54-9A1E7A4F7556}") = "talent-portal.Api", "talent-portal.Api\talent-portal.Api.csproj", "{2CA93E21-49CF-4759-A438-A401503D35EC}"
EndProject
Project("{9A19103F-16F7-4668-BE54-9A1E7A4F7556}") = "talent-portal.Domain", "talent-portal.Domain\talent-portal.Domain.csproj", "{B2ECA6B7-082A-4B2F-99A7-AAA1C06DD273}"
EndProject
Project("{9A19103F-16F7-4668-BE54-9A1E7A4F7556}") = "talent-portal.Service", "talent-portal.Service\talent-portal.Service.csproj", "{A2261958-EA49-42C7-98C6-17AB86089AE1}"
EndProject
Global
	GlobalSection(SolutionConfigurationPlatforms) = preSolution
		Debug|Any CPU = Debug|Any CPU
		Release|Any CPU = Release|Any CPU
	EndGlobalSection
	GlobalSection(ProjectConfigurationPlatforms) = postSolution
		{2CA93E21-49CF-4759-A438-A401503D35EC}.Debug|Any CPU.ActiveCfg = Debug|Any CPU
		{2CA93E21-49CF-4759-A438-A401503D35EC}.Debug|Any CPU.Build.0 = Debug|Any CPU
		{2CA93E21-49CF-4759-A438-A401503D35EC}.Release|Any CPU.ActiveCfg = Release|Any CPU
		{2CA93E21-49CF-4759-A438-A401503D35EC}.Release|Any CPU.Build.0 = Release|Any CPU
		{B2ECA6B7-082A-4B2F-99A7-AAA1C06DD273}.Debug|Any CPU.ActiveCfg = Debug|Any CPU
		{B2ECA6B7-082A-4B2F-99A7-AAA1C06DD273}.Debug|Any CPU.Build.0 = Debug|Any CPU
		{B2ECA6B7-082A-4B2F-99A7-AAA1C06DD273}.Release|Any CPU.ActiveCfg = Release|Any CPU
		{B2ECA6B7-082A-4B2F-99A7-AAA1C06DD273}.Release|Any CPU.Build.0 = Release|Any CPU
		{A2261958-EA49-42C7-98C6-17AB86089AE1}.Debug|Any CPU.ActiveCfg = Debug|Any CPU
		{A2261958-EA49-42C7-98C6-17AB86089AE1}.Debug|Any CPU.Build.0 = Debug|Any CPU
		{A2261958-EA49-42C7-98C6-17AB86089AE1}.Release|Any CPU.ActiveCfg = Release|Any CPU
		{A2261958-EA49-42C7-98C6-17AB86089AE1}.Release|Any CPU.Build.0 = Release|Any CPU
	EndGlobalSection
	GlobalSection(SolutionProperties) = preSolution
		HideSolutionNode = FALSE
	EndGlobalSection
	GlobalSection(ExtensibilityGlobals) = postSolution
		SolutionGuid = {93069065-960F-4F93-97ED-850C0EC9A924}
	EndGlobalSection
EndGlobal
